schema: '2.0'
stages:
  data_ingestion:
    cmd: python src/FeatherCareOps/pipeline/stg_01_data_ingestion.py
    deps:
    - path: config/config.yaml
      hash: md5
      md5: a12b1490bb389448181182bb1139a884
      size: 875
    - path: src/FeatherCareOps/pipeline/stg_01_data_ingestion.py
      hash: md5
      md5: 86193dae7bb659330d65c113250ade1f
      size: 890
    outs:
    - path: artifacts/data_ingestion/Chicken_disease
      hash: md5
      md5: 67aff02745869de433f867bd441e6129.dir
      size: 131937314
      nfiles: 4160
  prepare_base_model:
    cmd: python src/FeatherCareOps/pipeline/stg_02_prepare_base_model.py
    deps:
    - path: config/config.yaml
      hash: md5
      md5: a12b1490bb389448181182bb1139a884
      size: 875
    - path: src/FeatherCareOps/pipeline/stg_02_prepare_base_model.py
      hash: md5
      md5: b0ec7fc94dcd5fd74e7ec22f7a5d311d
      size: 902
    params:
      params.yaml:
        CLASSES: 2
        IMAGE_SIZE:
        - 224
        - 224
        - 3
        INCLUDE_TOP: false
        LEARNING_RATE: 0.01
        WEIGHTS: imagenet
    outs:
    - path: artifacts/prepare_base_model
      hash: md5
      md5: 0749d15902f022742b6331942380840a.dir
      size: 118053368
      nfiles: 2
  training:
    cmd: python src/FeatherCareOps/pipeline/stg_03_training.py
    deps:
    - path: artifacts/data_ingestion/Chicken_disease
      hash: md5
      md5: 67aff02745869de433f867bd441e6129.dir
      size: 131937314
      nfiles: 4160
    - path: artifacts/prepare_base_model
      hash: md5
      md5: 0749d15902f022742b6331942380840a.dir
      size: 118053368
      nfiles: 2
    - path: config/config.yaml
      hash: md5
      md5: a12b1490bb389448181182bb1139a884
      size: 875
    - path: src/FeatherCareOps/components/prepare_base_model.py
      hash: md5
      md5: 778a770933870430daabfbd46f885d92
      size: 2097
    - path: src/FeatherCareOps/pipeline/stg_03_training.py
      hash: md5
      md5: 01e1cbf1c301d7d7e7964cd1f1a11dc5
      size: 1239
    params:
      params.yaml:
        AUGMENTATION: true
        BATCH_SIZE: 20
        EPOCHS: 50
        IMAGE_SIZE:
        - 224
        - 224
        - 3
    outs:
    - path: artifacts/training/model.h5
      hash: md5
      md5: 38f8efc0a90e14f0d757b60be781cba3
      size: 59135136
  evaluation:
    cmd: python src/FeatherCareOps/pipeline/stg_04_model_evaluation.py
    deps:
    - path: artifacts/data_ingestion/Chicken_disease
      hash: md5
      md5: 67aff02745869de433f867bd441e6129.dir
      size: 131937314
      nfiles: 4160
    - path: artifacts/training/model.h5
      hash: md5
      md5: 38f8efc0a90e14f0d757b60be781cba3
      size: 59135136
    - path: config/config.yaml
      hash: md5
      md5: a12b1490bb389448181182bb1139a884
      size: 875
    - path: src/FeatherCareOps/pipeline/stg_04_model_evaluation.py
      hash: md5
      md5: 9fa2249629a617837dc5cb948e6a04a8
      size: 859
    params:
      params.yaml:
        BATCH_SIZE: 20
        IMAGE_SIZE:
        - 224
        - 224
        - 3
    outs:
    - path: scores.json
      hash: md5
      md5: c3b9c4213dbd29911abeaeb124ca71e8
      size: 75
