schema: '2.0'
stages:
  data_ingestion:
    cmd: python src/FeatherCareOps/pipeline/stg_01_data_ingestion.py
    deps:
    - path: config/config.yaml
      hash: md5
      md5: 46680497fd95653cb3cbe723ba7e02ff
      size: 803
    - path: src/FeatherCareOps/pipeline/stg_01_data_ingestion.py
      hash: md5
      md5: 86193dae7bb659330d65c113250ade1f
      size: 890
    outs:
    - path: artifacts/data_ingestion/Chicken_disease
      hash: md5
      md5: 67aff02745869de433f867bd441e6129.dir
      size: 131937314
      nfiles: 4160
  prepare_base_model:
    cmd: python src/FeatherCareOps/pipeline/stg_02_prepare_base_model.py
    deps:
    - path: config/config.yaml
      hash: md5
      md5: 46680497fd95653cb3cbe723ba7e02ff
      size: 803
    - path: src/FeatherCareOps/pipeline/stg_02_prepare_base_model.py
      hash: md5
      md5: b0ec7fc94dcd5fd74e7ec22f7a5d311d
      size: 902
    params:
      params.yaml:
        CLASSES: 2
        IMAGE_SIZE:
        - 224
        - 224
        - 3
        INCLUDE_TOP: false
        LEARNING_RATE: 0.01
        WEIGHTS: imagenet
    outs:
    - path: artifacts/prepare_base_model
      hash: md5
      md5: a115447fbd7ee3f19f491bad3303ea87.dir
      size: 118054560
      nfiles: 2
  training:
    cmd: python src/FeatherCareOps/pipeline/stg_03_training.py
    deps:
    - path: artifacts/data_ingestion/Chicken_disease
      hash: md5
      md5: 67aff02745869de433f867bd441e6129.dir
      size: 131937314
      nfiles: 4160
    - path: artifacts/prepare_base_model
      hash: md5
      md5: a115447fbd7ee3f19f491bad3303ea87.dir
      size: 118054560
      nfiles: 2
    - path: config/config.yaml
      hash: md5
      md5: 46680497fd95653cb3cbe723ba7e02ff
      size: 803
    - path: src/FeatherCareOps/components/prepare_base_model.py
      hash: md5
      md5: 778a770933870430daabfbd46f885d92
      size: 2097
    - path: src/FeatherCareOps/pipeline/stg_03_training.py
      hash: md5
      md5: 01e1cbf1c301d7d7e7964cd1f1a11dc5
      size: 1239
    params:
      params.yaml:
        AUGMENTATION: true
        BATCH_SIZE: 16
        EPOCHS: 2
        IMAGE_SIZE:
        - 224
        - 224
        - 3
    outs:
    - path: artifacts/training/model.h5
      hash: md5
      md5: 0d27968ec1f28c1de43d025367072541
      size: 59337520
  evaluation:
    cmd: python src/FeatherCareOps/pipeline/stg_04_model_evaluation.py
    deps:
    - path: artifacts/data_ingestion/Chicken_disease
      hash: md5
      md5: 67aff02745869de433f867bd441e6129.dir
      size: 131937314
      nfiles: 4160
    - path: artifacts/training/model.h5
      hash: md5
      md5: 0d27968ec1f28c1de43d025367072541
      size: 59337520
    - path: config/config.yaml
      hash: md5
      md5: 46680497fd95653cb3cbe723ba7e02ff
      size: 803
    - path: src/FeatherCareOps/pipeline/stg_04_model_evaluation.py
      hash: md5
      md5: cb537c13758170d6346f7f1f8e5b8307
      size: 821
    params:
      params.yaml:
        BATCH_SIZE: 16
        IMAGE_SIZE:
        - 224
        - 224
        - 3
    outs:
    - path: scores.json
      hash: md5
      md5: b1f61890b41a0d682d3e3c279d55c50a
      size: 74
